
Microsoft Visual Studio Solution File, Format Version 12.00
# Visual Studio Version 17
VisualStudioVersion = 17.4.33403.182
MinimumVisualStudioVersion = 10.0.40219.1
Project("{FAE04EC0-301F-11D3-BF4B-00C04F79EFBC}") = "PortoAPI", "PortoAPI.csproj", "{4E56A6F2-55E4-4F4A-B469-6F32EEC756BC}"
EndProject
Global
	GlobalSection(SolutionConfigurationPlatforms) = preSolution
		Debug|Any CPU = Debug|Any CPU
		Release|Any CPU = Release|Any CPU
	EndGlobalSection
	GlobalSection(ProjectConfigurationPlatforms) = postSolution
		{4E56A6F2-55E4-4F4A-B469-6F32EEC756BC}.Debug|Any CPU.ActiveCfg = Debug|Any CPU
		{4E56A6F2-55E4-4F4A-B469-6F32EEC756BC}.Debug|Any CPU.Build.0 = Debug|Any CPU
		{4E56A6F2-55E4-4F4A-B469-6F32EEC756BC}.Release|Any CPU.ActiveCfg = Release|Any CPU
		{4E56A6F2-55E4-4F4A-B469-6F32EEC756BC}.Release|Any CPU.Build.0 = Release|Any CPU
	EndGlobalSection
	GlobalSection(SolutionProperties) = preSolution
		HideSolutionNode = FALSE
	EndGlobalSection
	GlobalSection(ExtensibilityGlobals) = postSolution
		SolutionGuid = {6B983B61-DAD5-4BF1-9281-12904F023556}
	EndGlobalSection
EndGlobal
